{
  "pins" : [
    {
      "identity" : "simpletoast",
      "kind" : "remoteSourceControl",
      "location" : "https://github.com/sanzaru/SimpleToast.git",
      "state" : {
        "revision" : "2e68071b1083b91a79506e77f826ee52201d224e",
        "version" : "0.7.1"
      }
    },
    {
      "identity" : "toastui",
      "kind" : "remoteSourceControl",
      "location" : "https://github.com/quanshousio/ToastUI.git",
      "state" : {
        "revision" : "1828801ea49e2ab900ca5e6bb18245312fda66a2",
        "version" : "3.0.1"
      }
    }
  ],
  "version" : 2
}
